
Microsoft Visual Studio Solution File, Format Version 12.00
# Visual Studio Version 16
VisualStudioVersion = 16.0.31424.327
MinimumVisualStudioVersion = 10.0.40219.1
Project("{888888A0-9F3D-457C-B088-3A5042F75D52}") = "SEB Api", "SEB Api.pyproj", "{D35581CD-B115-4FFE-AF34-2DB895F8F7CB}"
EndProject
Global
	GlobalSection(SolutionConfigurationPlatforms) = preSolution
		Debug|Any CPU = Debug|Any CPU
		Release|Any CPU = Release|Any CPU
	EndGlobalSection
	GlobalSection(ProjectConfigurationPlatforms) = postSolution
		{D35581CD-B115-4FFE-AF34-2DB895F8F7CB}.Debug|Any CPU.ActiveCfg = Debug|Any CPU
		{D35581CD-B115-4FFE-AF34-2DB895F8F7CB}.Release|Any CPU.ActiveCfg = Release|Any CPU
	EndGlobalSection
	GlobalSection(SolutionProperties) = preSolution
		HideSolutionNode = FALSE
	EndGlobalSection
	GlobalSection(ExtensibilityGlobals) = postSolution
		SolutionGuid = {4C2D4D7A-4012-41BB-8BAA-C53FB1F89E61}
	EndGlobalSection
EndGlobal
